{
  "name": "even_1",
  "version": "1.0.0",
  "lockfileVersion": 3,
  "requires": true,
  "packages": {
    "": {
      "name": "even_1",
      "version": "1.0.0",
      "license": "ISC",
      "dependencies": {
        "even_1": "^1.0.0"
      }
    },
    "node_modules/even_1": {
      "version": "1.0.0",
      "resolved": "https://registry.npmjs.org/even_1/-/even_1-1.0.0.tgz",
      "integrity": "sha512-HXfZfxAWJh3wHYfHNx0tnN4XYGmV0kUXOXEBurGm45x/Cazuw6+7J7u9Onan1/owHOyimwYltGqPpcPw6T/QmQ=="
    }
  }
}
