{
  "name": "rahul_calculator",
  "version": "1.0.0",
  "lockfileVersion": 3,
  "requires": true,
  "packages": {
    "": {
      "name": "rahul_calculator",
      "version": "1.0.0",
      "license": "ISC",
      "dependencies": {
        "rahul_calculator": "^1.0.0"
      }
    },
    "node_modules/rahul_calculator": {
      "version": "1.0.0",
      "resolved": "https://registry.npmjs.org/rahul_calculator/-/rahul_calculator-1.0.0.tgz",
      "integrity": "sha512-ejhM3JyFEcUlL5P+bEHS7cC63OsSvRFHRSbLR+FPGnF+7HtS5Qwb6Smfw9Oj6pi/dcX+ug3DrIq0+a+/9CxLZw=="
    }
  }
}
